
Microsoft Visual Studio Solution File, Format Version 12.00
# Visual Studio Version 17
VisualStudioVersion = 17.3.32929.385
MinimumVisualStudioVersion = 10.0.40219.1
Project("{FAE04EC0-301F-11D3-BF4B-00C04F79EFBC}") = "QvaPayCoinMonitor", "QvaPayCoinMonitor\QvaPayCoinMonitor.csproj", "{BBF2451F-86E8-4E6A-8FD3-B912A65AE517}"
EndProject
Global
	GlobalSection(SolutionConfigurationPlatforms) = preSolution
		Debug|Any CPU = Debug|Any CPU
		Release|Any CPU = Release|Any CPU
	EndGlobalSection
	GlobalSection(ProjectConfigurationPlatforms) = postSolution
		{BBF2451F-86E8-4E6A-8FD3-B912A65AE517}.Debug|Any CPU.ActiveCfg = Debug|Any CPU
		{BBF2451F-86E8-4E6A-8FD3-B912A65AE517}.Debug|Any CPU.Build.0 = Debug|Any CPU
		{BBF2451F-86E8-4E6A-8FD3-B912A65AE517}.Release|Any CPU.ActiveCfg = Release|Any CPU
		{BBF2451F-86E8-4E6A-8FD3-B912A65AE517}.Release|Any CPU.Build.0 = Release|Any CPU
	EndGlobalSection
	GlobalSection(SolutionProperties) = preSolution
		HideSolutionNode = FALSE
	EndGlobalSection
	GlobalSection(ExtensibilityGlobals) = postSolution
		SolutionGuid = {D718865B-6D76-444A-848F-322A49D99AE5}
	EndGlobalSection
EndGlobal
